
Microsoft Visual Studio Solution File, Format Version 12.00
# Visual Studio Version 16
VisualStudioVersion = 16.0.30309.148
MinimumVisualStudioVersion = 10.0.40219.1
Project("{2150E333-8FDC-42A3-9474-1A3956D46DE8}") = "Src", "Src", "{16BD1D0C-A8F0-4D84-B723-B707A416C55F}"
EndProject
Project("{2150E333-8FDC-42A3-9474-1A3956D46DE8}") = "Framework", "Framework", "{A15A2FE0-1115-4E2E-9687-1F7FC1B4DA7E}"
EndProject
Project("{2150E333-8FDC-42A3-9474-1A3956D46DE8}") = "Microservices", "Microservices", "{52E1A589-DDC8-404E-9C15-56E2762B200F}"
EndProject
Project("{2150E333-8FDC-42A3-9474-1A3956D46DE8}") = "AuthororizeAndAuthenticateManagment", "AuthororizeAndAuthenticateManagment", "{EB09D3A2-74B5-42F3-A83E-567B0F2A8C5E}"
EndProject
Project("{2150E333-8FDC-42A3-9474-1A3956D46DE8}") = "Domain", "Domain", "{0B870B3B-823A-425B-A7F9-F790E5C15739}"
EndProject
Project("{2150E333-8FDC-42A3-9474-1A3956D46DE8}") = "Core", "Core", "{BABFCD4F-13AF-4034-9358-03C28B914735}"
EndProject
Project("{9A19103F-16F7-4668-BE54-9A1E7A4F7556}") = "AuthoManagment.Core", "AuthoManagment\AuthoManagment.Core\AuthoManagment.Core.csproj", "{93FC8F59-7070-4802-BB8A-BF7675910970}"
EndProject
Project("{9A19103F-16F7-4668-BE54-9A1E7A4F7556}") = "AuthoManagment.Domain", "AuthoManagment\AuthoManagment.Domain\AuthoManagment.Domain.csproj", "{DA2AB3F7-4133-4B0F-B34E-826D172C580E}"
EndProject
Project("{9A19103F-16F7-4668-BE54-9A1E7A4F7556}") = "BehsamFramework", "BehsamFramework\BehsamFramework.csproj", "{1EBE9BF0-9961-423B-ABF0-FAFB90719080}"
EndProject
Project("{9A19103F-16F7-4668-BE54-9A1E7A4F7556}") = "BehsamFramework.Util", "BehsamFramework.Util\BehsamFramework.Util.csproj", "{F2A332F9-332B-49E4-B6C7-4F7F1DA59169}"
EndProject
Project("{2150E333-8FDC-42A3-9474-1A3956D46DE8}") = "Persistence", "Persistence", "{A9ED8261-9801-4E5B-900E-E8D84F799546}"
EndProject
Project("{9A19103F-16F7-4668-BE54-9A1E7A4F7556}") = "AuthoManagment.Persistence", "AuthoManagment\AuthoManagment.Persistence\AuthoManagment.Persistence.csproj", "{874CDFD7-0204-4A84-B2D4-A67042CAC112}"
EndProject
Project("{2150E333-8FDC-42A3-9474-1A3956D46DE8}") = "Application", "Application", "{A00A0444-027D-4D54-8B09-0EE4A179F2ED}"
EndProject
Project("{9A19103F-16F7-4668-BE54-9A1E7A4F7556}") = "AuthoManagment.Application", "AuthoManagment\AuthoManagment.Application\AuthoManagment.Application.csproj", "{3BD9447D-0FC3-4D5B-8F29-6AB2A1B2474A}"
EndProject
Project("{9A19103F-16F7-4668-BE54-9A1E7A4F7556}") = "BehsamFreamwork.Logger", "BehsamFreamwork.Logger\BehsamFreamwork.Logger.csproj", "{14C1FC61-9EB7-440F-8F9D-B75DCFBC5F70}"
EndProject
Project("{2150E333-8FDC-42A3-9474-1A3956D46DE8}") = "Resources", "Resources", "{3724CA55-2398-4778-B040-12F577AEA675}"
EndProject
Project("{9A19103F-16F7-4668-BE54-9A1E7A4F7556}") = "AuthoManagment.Resources", "AuthoManagment\AuthoManagment.Resources\AuthoManagment.Resources.csproj", "{8B03D4AC-24EA-4C5F-9071-E25D61F8CE08}"
EndProject
Project("{2150E333-8FDC-42A3-9474-1A3956D46DE8}") = "API", "API", "{1C73DE7D-B050-4FF4-A4A6-51E477FFDA98}"
EndProject
Project("{9A19103F-16F7-4668-BE54-9A1E7A4F7556}") = "AuthoManagment.AuthoAPI", "AuthoManagment\AuthoManagment.AuthoAPI\AuthoManagment.AuthoAPI.csproj", "{353C9675-8A3B-4ED9-9C9B-182747DF85E1}"
EndProject
Project("{9A19103F-16F7-4668-BE54-9A1E7A4F7556}") = "Framework.MessageSender", "Framework\Framework.MessageSender\Framework.MessageSender.csproj", "{A8A00181-F9FF-4732-A421-2B798E053CF4}"
EndProject
Project("{2150E333-8FDC-42A3-9474-1A3956D46DE8}") = "LogManager", "LogManager", "{2CE3EBD0-35AF-4A9B-ABCB-E4BECE3F3822}"
EndProject
Project("{2150E333-8FDC-42A3-9474-1A3956D46DE8}") = "Console", "Console", "{CD1B12C9-F71D-4EF1-8AD3-A12325E27130}"
EndProject
Project("{9A19103F-16F7-4668-BE54-9A1E7A4F7556}") = "LogManager.ConsoleReadBus", "LogManager\LogManager.ConsoleReadBus\LogManager.ConsoleReadBus.csproj", "{58D5B61D-E68C-46C9-84E7-A897D157DB16}"
EndProject
Project("{2150E333-8FDC-42A3-9474-1A3956D46DE8}") = "Application", "Application", "{165C7FF5-9F3F-4157-8488-D4D54A7EA664}"
EndProject
Project("{9A19103F-16F7-4668-BE54-9A1E7A4F7556}") = "LogManager.Application", "LogManager\LogManager.Application\LogManager.Application.csproj", "{62CC390E-4EFD-4BED-91CF-C9AD4A689E98}"
EndProject
Project("{2150E333-8FDC-42A3-9474-1A3956D46DE8}") = "Api", "Api", "{A3878574-531B-4FAB-B688-2BEC0F3A603C}"
EndProject
Project("{9A19103F-16F7-4668-BE54-9A1E7A4F7556}") = "LogManager.Api", "LogManager\LogManager.Api\LogManager.Api.csproj", "{CBF974A4-19FD-4691-A5AE-2079AD6C4769}"
EndProject
Project("{2150E333-8FDC-42A3-9474-1A3956D46DE8}") = "Gateway", "Gateway", "{F6E341AA-E097-44A5-A9BC-2731EA0BC913}"
EndProject
Project("{2150E333-8FDC-42A3-9474-1A3956D46DE8}") = "API", "API", "{A41DD5B0-A8D1-4CC7-9664-73C476AC8376}"
EndProject
Project("{9A19103F-16F7-4668-BE54-9A1E7A4F7556}") = "Gateway.TelOrderAPI", "Gateway\Gateway.TelOrderAPI\Gateway.TelOrderAPI.csproj", "{51D8FE05-731A-417D-A1B1-4F2FCA2B2A70}"
EndProject
Project("{2150E333-8FDC-42A3-9474-1A3956D46DE8}") = "Domain", "Domain", "{AA1BC649-AFB0-4F8D-B7C3-B255FDBDFD3E}"
EndProject
Project("{9A19103F-16F7-4668-BE54-9A1E7A4F7556}") = "LogManager.Domain", "LogManager\LogManager.Domain\LogManager.Domain.csproj", "{3855CEC0-CD1F-4E00-A8AD-85180FBBBD6F}"
EndProject
Project("{2150E333-8FDC-42A3-9474-1A3956D46DE8}") = "Persistence", "Persistence", "{C3E4AA90-1946-45BC-B0BA-8FD04C6D0513}"
EndProject
Project("{9A19103F-16F7-4668-BE54-9A1E7A4F7556}") = "LogManager.Persistence", "LogManager\LogManager.Persistence\LogManager.Persistence.csproj", "{8670F113-F853-4C71-B66A-5D527C99DA70}"
EndProject
Project("{2150E333-8FDC-42A3-9474-1A3956D46DE8}") = "CustomerManagment", "CustomerManagment", "{370D4CD3-530F-4466-8C22-A94A9078F650}"
EndProject
Project("{2150E333-8FDC-42A3-9474-1A3956D46DE8}") = "Domain", "Domain", "{847159CF-C7F3-4F53-A9E9-AF06333420AA}"
EndProject
Project("{9A19103F-16F7-4668-BE54-9A1E7A4F7556}") = "CustomerManagment.Domain", "CustomerManagment\CustomerManagment.Domain\CustomerManagment.Domain.csproj", "{5D627A90-A5D9-4F1C-8409-6342520BA395}"
EndProject
Project("{2150E333-8FDC-42A3-9474-1A3956D46DE8}") = "Persistence", "Persistence", "{717B1ABE-636F-495D-8F49-27EBB347A996}"
EndProject
Project("{9A19103F-16F7-4668-BE54-9A1E7A4F7556}") = "CustomerManagment.Persistence", "CustomerManagment\CustomerManagment.Persistence\CustomerManagment.Persistence.csproj", "{BB446E9F-791D-4983-A075-A756150A8E19}"
EndProject
Project("{2150E333-8FDC-42A3-9474-1A3956D46DE8}") = "Application", "Application", "{A7350121-F91D-42C4-8C0D-1162820AB974}"
EndProject
Project("{9A19103F-16F7-4668-BE54-9A1E7A4F7556}") = "CustomerManagment.Application", "CustomerManagment\CustomerManagment.Application\CustomerManagment.Application.csproj", "{E7E380C8-11C8-4221-945C-3F4EFDF7CB5F}"
EndProject
Project("{2150E333-8FDC-42A3-9474-1A3956D46DE8}") = "API", "API", "{CD8FDD65-860A-46DF-8F50-0677D704EB1A}"
EndProject
Project("{9A19103F-16F7-4668-BE54-9A1E7A4F7556}") = "CustomerManagment.API", "CustomerManagment\CustomerManagment.API\CustomerManagment.API.csproj", "{3F507BB7-240E-4E12-9665-9133D003C918}"
EndProject
Project("{9A19103F-16F7-4668-BE54-9A1E7A4F7556}") = "Gateway.PanelAPI", "Gateway\Gateway.PanelAPI\Gateway.PanelAPI.csproj", "{5A155BF5-32E0-42B0-80F5-A93073213B48}"
EndProject
Project("{2150E333-8FDC-42A3-9474-1A3956D46DE8}") = "WebSites", "WebSites", "{5F9D0119-F73A-4BA0-90C1-D795170E23B4}"
EndProject
Project("{2150E333-8FDC-42A3-9474-1A3956D46DE8}") = "Panles", "Panles", "{96F2660B-11A3-4CD9-BE2A-447FC50C0F2C}"
EndProject
Project("{9A19103F-16F7-4668-BE54-9A1E7A4F7556}") = "WebSites.Panles", "WebSites\WebSites.Panles\WebSites.Panles.csproj", "{B5D58A19-8994-4832-8063-0E0B67B3848C}"
EndProject
Project("{2150E333-8FDC-42A3-9474-1A3956D46DE8}") = "Core", "Core", "{B27D4B82-F2FB-4531-80F7-0DE2BD9D9B13}"
EndProject
Project("{9A19103F-16F7-4668-BE54-9A1E7A4F7556}") = "CustomerManagment.Core", "CustomerManagment\CustomerManagment.Core\CustomerManagment.Core.csproj", "{854C5225-1D7F-453F-94B3-505C99B1FCF5}"
EndProject
Project("{2150E333-8FDC-42A3-9474-1A3956D46DE8}") = "SettingManagment", "SettingManagment", "{FAD1FF5B-BF22-4AC1-B14E-E5C74292D7FA}"
EndProject
Project("{2150E333-8FDC-42A3-9474-1A3956D46DE8}") = "Domain", "Domain", "{47C197FC-4E9D-4DBC-805B-8FCF5DFC0E62}"
EndProject
Project("{9A19103F-16F7-4668-BE54-9A1E7A4F7556}") = "SettingManagment.Domain", "SettingManagment\SettingManagment.Domain\SettingManagment.Domain.csproj", "{9E717D7C-6D91-49C1-98CB-77ACA6436425}"
EndProject
Project("{2150E333-8FDC-42A3-9474-1A3956D46DE8}") = "Persistence", "Persistence", "{176798A9-FEAB-48CD-88A9-226F06C9B954}"
EndProject
Project("{9A19103F-16F7-4668-BE54-9A1E7A4F7556}") = "SettingManagment.Persistence", "SettingManagment\SettingManagment.Persistence\SettingManagment.Persistence.csproj", "{554225A5-3431-4F62-920D-08181FB13EF4}"
EndProject
Project("{2150E333-8FDC-42A3-9474-1A3956D46DE8}") = "Application", "Application", "{18CA3BCE-6388-475A-979B-F2AC24DA5CB4}"
EndProject
Project("{9A19103F-16F7-4668-BE54-9A1E7A4F7556}") = "SettingManagment.Application", "SettingManagment\SettingManagment.Application\SettingManagment.Application.csproj", "{28BA5994-A794-42E0-BA7A-358C77C761BB}"
EndProject
Project("{2150E333-8FDC-42A3-9474-1A3956D46DE8}") = "API", "API", "{DAE363D0-9773-4A8D-9F4B-DE96165D7E97}"
EndProject
Project("{9A19103F-16F7-4668-BE54-9A1E7A4F7556}") = "SettingManagment.API", "SettingManagment\SettingManagment.API\SettingManagment.API.csproj", "{5067A972-F3AA-45D8-91EA-72700F7E2948}"
EndProject
Project("{2150E333-8FDC-42A3-9474-1A3956D46DE8}") = "Core", "Core", "{B0C21200-59A0-491E-B951-187E26492AA1}"
EndProject
Project("{2150E333-8FDC-42A3-9474-1A3956D46DE8}") = "StoreManagment", "StoreManagment", "{0A81C799-BDF5-4D70-9EFF-B32A77D27AA4}"
EndProject
Project("{2150E333-8FDC-42A3-9474-1A3956D46DE8}") = "UserAuthorize", "UserAuthorize", "{42DFFD0E-5675-4141-A9C6-DF46DBAE1D47}"
EndProject
Project("{2150E333-8FDC-42A3-9474-1A3956D46DE8}") = "Domain", "Domain", "{5624D5CC-9396-4CE2-9EFE-7767FE7A57DD}"
EndProject
Project("{9A19103F-16F7-4668-BE54-9A1E7A4F7556}") = "UserAuthorize.Domain", "UserAuthorize\UserAuthorize.Domain\UserAuthorize.Domain.csproj", "{8067BD2F-3C56-4DEB-8C0C-9FF305894EC1}"
EndProject
Project("{2150E333-8FDC-42A3-9474-1A3956D46DE8}") = "Persistence", "Persistence", "{D15287BF-48BF-4707-AD79-8EEC7AD17795}"
EndProject
Project("{9A19103F-16F7-4668-BE54-9A1E7A4F7556}") = "UserAuthorize.Persistence", "UserAuthorize\UserAuthorize.Persistence\UserAuthorize.Persistence.csproj", "{EB754A59-213D-465F-960A-CA414F1AE20C}"
EndProject
Project("{2150E333-8FDC-42A3-9474-1A3956D46DE8}") = "Application", "Application", "{F8B371B2-C253-4B57-960C-8DC63B10098C}"
EndProject
Project("{9A19103F-16F7-4668-BE54-9A1E7A4F7556}") = "UserAuthorize.Application", "UserAuthorize\UserAuthorize.Application\UserAuthorize.Application.csproj", "{B441611B-6E39-459A-856A-3799F5E15314}"
EndProject
Project("{2150E333-8FDC-42A3-9474-1A3956D46DE8}") = "API", "API", "{3968B0C9-D65B-4365-A7F6-AFEFBC1E7BB2}"
EndProject
Project("{9A19103F-16F7-4668-BE54-9A1E7A4F7556}") = "UserAuthorize.API", "UserAuthorize\UserAuthorize.API\UserAuthorize.API.csproj", "{14461C06-EF6C-4D85-806E-4DAACF2AEF6E}"
EndProject
Project("{2150E333-8FDC-42A3-9474-1A3956D46DE8}") = "Domain", "Domain", "{C4644696-A673-4C98-AB7C-AE63862787AF}"
EndProject
Project("{9A19103F-16F7-4668-BE54-9A1E7A4F7556}") = "StoreManagment.Domain", "StoreManagment\StoreManagment.Domain\StoreManagment.Domain.csproj", "{9C15AC54-4943-4AF6-A81E-AB71C8FB7B9E}"
EndProject
Project("{2150E333-8FDC-42A3-9474-1A3956D46DE8}") = "Persistence", "Persistence", "{54054EB1-82EE-4E54-AA4B-070829EA186C}"
EndProject
Project("{9A19103F-16F7-4668-BE54-9A1E7A4F7556}") = "StoreManagment.Persistence", "StoreManagment\StoreManagment.Persistence\StoreManagment.Persistence.csproj", "{58A1F0F8-7085-4096-B45C-12E000037256}"
EndProject
Project("{2150E333-8FDC-42A3-9474-1A3956D46DE8}") = "Application", "Application", "{7590C091-59E4-42C0-9A36-F981AD082CCC}"
EndProject
Project("{9A19103F-16F7-4668-BE54-9A1E7A4F7556}") = "StoreManagment.Application", "StoreManagment\StoreManagment.Application\StoreManagment.Application.csproj", "{C8C1AAE0-040F-4BDE-B614-062936877B6A}"
EndProject
Project("{2150E333-8FDC-42A3-9474-1A3956D46DE8}") = "API", "API", "{48911EE5-69FE-4A4C-8F71-7551C5D93DA2}"
EndProject
Project("{9A19103F-16F7-4668-BE54-9A1E7A4F7556}") = "StoreManagment.API", "StoreManagment\StoreManagment.API\StoreManagment.API.csproj", "{B3C55D86-6EC9-4072-9E02-3CD7D0389DFF}"
EndProject
Project("{2150E333-8FDC-42A3-9474-1A3956D46DE8}") = "OKService", "OKService", "{B5B1C7D3-F1DC-43B5-8EC1-F36F351D0667}"
EndProject
Project("{2150E333-8FDC-42A3-9474-1A3956D46DE8}") = "API", "API", "{B627AC38-7E25-40CE-8DAF-C6FC1BC6D6E9}"
EndProject
Project("{9A19103F-16F7-4668-BE54-9A1E7A4F7556}") = "OKService.API", "OKService\OKService.API\OKService.API.csproj", "{CDBEAFC3-D5F7-4DBD-A3E1-C229EEC19DDE}"
EndProject
Project("{2150E333-8FDC-42A3-9474-1A3956D46DE8}") = "Domain", "Domain", "{8CCE67F2-0FA8-4F02-A7DB-F78A765F2310}"
EndProject
Project("{2150E333-8FDC-42A3-9474-1A3956D46DE8}") = "Persistence", "Persistence", "{5E2302B5-D52F-4D33-8C25-1D0A3F897939}"
EndProject
Project("{2150E333-8FDC-42A3-9474-1A3956D46DE8}") = "Application", "Application", "{B35E1E32-244C-476A-975E-B4A3219E74C0}"
EndProject
Project("{9A19103F-16F7-4668-BE54-9A1E7A4F7556}") = "OKService.Domain", "OKService\OKService.Domain\OKService.Domain.csproj", "{D999AA1C-CBB3-4FA6-A8B0-3ED3C531E975}"
EndProject
Project("{2150E333-8FDC-42A3-9474-1A3956D46DE8}") = "AccessManagment", "AccessManagment", "{B35B6226-64A8-4E9E-9794-9EEF856AACA4}"
EndProject
Project("{2150E333-8FDC-42A3-9474-1A3956D46DE8}") = "Domain", "Domain", "{182BB2B4-5165-4E93-A112-9804564C1E2B}"
EndProject
Project("{FAE04EC0-301F-11D3-BF4B-00C04F79EFBC}") = "AccessManagment.Domain", "AccessManagment\AccessManagment.Domain\AccessManagment.Domain.csproj", "{4285A8EE-8936-4EE8-A12A-E596FF8D4561}"
EndProject
Project("{2150E333-8FDC-42A3-9474-1A3956D46DE8}") = "Persistence", "Persistence", "{DDFC45B4-8117-4BED-8638-0E188A14AD84}"
EndProject
Project("{FAE04EC0-301F-11D3-BF4B-00C04F79EFBC}") = "AccessManagment.Persistence", "AccessManagment\AccessManagment.Persistence\AccessManagment.Persistence.csproj", "{F1D3804F-3201-4166-BA83-48891F985534}"
EndProject
Project("{2150E333-8FDC-42A3-9474-1A3956D46DE8}") = "API", "API", "{EF3B492D-62EB-4883-9652-40F1017A0A91}"
EndProject
Project("{FAE04EC0-301F-11D3-BF4B-00C04F79EFBC}") = "AccessManagment.API", "AccessManagment\AccessManagment.API\AccessManagment.API.csproj", "{76A28EA3-0EBE-49D0-861B-CB4340DDBC97}"
EndProject
Project("{2150E333-8FDC-42A3-9474-1A3956D46DE8}") = "Application", "Application", "{A4F1A7F7-9505-48AE-8D17-2F1C56C6FB71}"
EndProject
Project("{FAE04EC0-301F-11D3-BF4B-00C04F79EFBC}") = "AccessManagment.Application", "AccessManagment\AccessManagment.Application\AccessManagment.Application.csproj", "{7B109848-A85C-45DF-BAAA-4E4309C3EBE9}"
EndProject
Global
	GlobalSection(SolutionConfigurationPlatforms) = preSolution
		Debug|Any CPU = Debug|Any CPU
		Release|Any CPU = Release|Any CPU
	EndGlobalSection
	GlobalSection(ProjectConfigurationPlatforms) = postSolution
		{93FC8F59-7070-4802-BB8A-BF7675910970}.Debug|Any CPU.ActiveCfg = Debug|Any CPU
		{93FC8F59-7070-4802-BB8A-BF7675910970}.Debug|Any CPU.Build.0 = Debug|Any CPU
		{93FC8F59-7070-4802-BB8A-BF7675910970}.Release|Any CPU.ActiveCfg = Release|Any CPU
		{93FC8F59-7070-4802-BB8A-BF7675910970}.Release|Any CPU.Build.0 = Release|Any CPU
		{DA2AB3F7-4133-4B0F-B34E-826D172C580E}.Debug|Any CPU.ActiveCfg = Debug|Any CPU
		{DA2AB3F7-4133-4B0F-B34E-826D172C580E}.Debug|Any CPU.Build.0 = Debug|Any CPU
		{DA2AB3F7-4133-4B0F-B34E-826D172C580E}.Release|Any CPU.ActiveCfg = Release|Any CPU
		{DA2AB3F7-4133-4B0F-B34E-826D172C580E}.Release|Any CPU.Build.0 = Release|Any CPU
		{1EBE9BF0-9961-423B-ABF0-FAFB90719080}.Debug|Any CPU.ActiveCfg = Debug|Any CPU
		{1EBE9BF0-9961-423B-ABF0-FAFB90719080}.Debug|Any CPU.Build.0 = Debug|Any CPU
		{1EBE9BF0-9961-423B-ABF0-FAFB90719080}.Release|Any CPU.ActiveCfg = Release|Any CPU
		{1EBE9BF0-9961-423B-ABF0-FAFB90719080}.Release|Any CPU.Build.0 = Release|Any CPU
		{F2A332F9-332B-49E4-B6C7-4F7F1DA59169}.Debug|Any CPU.ActiveCfg = Debug|Any CPU
		{F2A332F9-332B-49E4-B6C7-4F7F1DA59169}.Debug|Any CPU.Build.0 = Debug|Any CPU
		{F2A332F9-332B-49E4-B6C7-4F7F1DA59169}.Release|Any CPU.ActiveCfg = Release|Any CPU
		{F2A332F9-332B-49E4-B6C7-4F7F1DA59169}.Release|Any CPU.Build.0 = Release|Any CPU
		{874CDFD7-0204-4A84-B2D4-A67042CAC112}.Debug|Any CPU.ActiveCfg = Debug|Any CPU
		{874CDFD7-0204-4A84-B2D4-A67042CAC112}.Debug|Any CPU.Build.0 = Debug|Any CPU
		{874CDFD7-0204-4A84-B2D4-A67042CAC112}.Release|Any CPU.ActiveCfg = Release|Any CPU
		{874CDFD7-0204-4A84-B2D4-A67042CAC112}.Release|Any CPU.Build.0 = Release|Any CPU
		{3BD9447D-0FC3-4D5B-8F29-6AB2A1B2474A}.Debug|Any CPU.ActiveCfg = Debug|Any CPU
		{3BD9447D-0FC3-4D5B-8F29-6AB2A1B2474A}.Debug|Any CPU.Build.0 = Debug|Any CPU
		{3BD9447D-0FC3-4D5B-8F29-6AB2A1B2474A}.Release|Any CPU.ActiveCfg = Release|Any CPU
		{3BD9447D-0FC3-4D5B-8F29-6AB2A1B2474A}.Release|Any CPU.Build.0 = Release|Any CPU
		{14C1FC61-9EB7-440F-8F9D-B75DCFBC5F70}.Debug|Any CPU.ActiveCfg = Debug|Any CPU
		{14C1FC61-9EB7-440F-8F9D-B75DCFBC5F70}.Debug|Any CPU.Build.0 = Debug|Any CPU
		{14C1FC61-9EB7-440F-8F9D-B75DCFBC5F70}.Release|Any CPU.ActiveCfg = Release|Any CPU
		{14C1FC61-9EB7-440F-8F9D-B75DCFBC5F70}.Release|Any CPU.Build.0 = Release|Any CPU
		{8B03D4AC-24EA-4C5F-9071-E25D61F8CE08}.Debug|Any CPU.ActiveCfg = Debug|Any CPU
		{8B03D4AC-24EA-4C5F-9071-E25D61F8CE08}.Debug|Any CPU.Build.0 = Debug|Any CPU
		{8B03D4AC-24EA-4C5F-9071-E25D61F8CE08}.Release|Any CPU.ActiveCfg = Release|Any CPU
		{8B03D4AC-24EA-4C5F-9071-E25D61F8CE08}.Release|Any CPU.Build.0 = Release|Any CPU
		{353C9675-8A3B-4ED9-9C9B-182747DF85E1}.Debug|Any CPU.ActiveCfg = Debug|Any CPU
		{353C9675-8A3B-4ED9-9C9B-182747DF85E1}.Debug|Any CPU.Build.0 = Debug|Any CPU
		{353C9675-8A3B-4ED9-9C9B-182747DF85E1}.Release|Any CPU.ActiveCfg = Release|Any CPU
		{353C9675-8A3B-4ED9-9C9B-182747DF85E1}.Release|Any CPU.Build.0 = Release|Any CPU
		{A8A00181-F9FF-4732-A421-2B798E053CF4}.Debug|Any CPU.ActiveCfg = Debug|Any CPU
		{A8A00181-F9FF-4732-A421-2B798E053CF4}.Debug|Any CPU.Build.0 = Debug|Any CPU
		{A8A00181-F9FF-4732-A421-2B798E053CF4}.Release|Any CPU.ActiveCfg = Release|Any CPU
		{A8A00181-F9FF-4732-A421-2B798E053CF4}.Release|Any CPU.Build.0 = Release|Any CPU
		{58D5B61D-E68C-46C9-84E7-A897D157DB16}.Debug|Any CPU.ActiveCfg = Debug|Any CPU
		{58D5B61D-E68C-46C9-84E7-A897D157DB16}.Debug|Any CPU.Build.0 = Debug|Any CPU
		{58D5B61D-E68C-46C9-84E7-A897D157DB16}.Release|Any CPU.ActiveCfg = Release|Any CPU
		{58D5B61D-E68C-46C9-84E7-A897D157DB16}.Release|Any CPU.Build.0 = Release|Any CPU
		{62CC390E-4EFD-4BED-91CF-C9AD4A689E98}.Debug|Any CPU.ActiveCfg = Debug|Any CPU
		{62CC390E-4EFD-4BED-91CF-C9AD4A689E98}.Debug|Any CPU.Build.0 = Debug|Any CPU
		{62CC390E-4EFD-4BED-91CF-C9AD4A689E98}.Release|Any CPU.ActiveCfg = Release|Any CPU
		{62CC390E-4EFD-4BED-91CF-C9AD4A689E98}.Release|Any CPU.Build.0 = Release|Any CPU
		{CBF974A4-19FD-4691-A5AE-2079AD6C4769}.Debug|Any CPU.ActiveCfg = Debug|Any CPU
		{CBF974A4-19FD-4691-A5AE-2079AD6C4769}.Debug|Any CPU.Build.0 = Debug|Any CPU
		{CBF974A4-19FD-4691-A5AE-2079AD6C4769}.Release|Any CPU.ActiveCfg = Release|Any CPU
		{CBF974A4-19FD-4691-A5AE-2079AD6C4769}.Release|Any CPU.Build.0 = Release|Any CPU
		{51D8FE05-731A-417D-A1B1-4F2FCA2B2A70}.Debug|Any CPU.ActiveCfg = Debug|Any CPU
		{51D8FE05-731A-417D-A1B1-4F2FCA2B2A70}.Debug|Any CPU.Build.0 = Debug|Any CPU
		{51D8FE05-731A-417D-A1B1-4F2FCA2B2A70}.Release|Any CPU.ActiveCfg = Release|Any CPU
		{51D8FE05-731A-417D-A1B1-4F2FCA2B2A70}.Release|Any CPU.Build.0 = Release|Any CPU
		{3855CEC0-CD1F-4E00-A8AD-85180FBBBD6F}.Debug|Any CPU.ActiveCfg = Debug|Any CPU
		{3855CEC0-CD1F-4E00-A8AD-85180FBBBD6F}.Debug|Any CPU.Build.0 = Debug|Any CPU
		{3855CEC0-CD1F-4E00-A8AD-85180FBBBD6F}.Release|Any CPU.ActiveCfg = Release|Any CPU
		{3855CEC0-CD1F-4E00-A8AD-85180FBBBD6F}.Release|Any CPU.Build.0 = Release|Any CPU
		{8670F113-F853-4C71-B66A-5D527C99DA70}.Debug|Any CPU.ActiveCfg = Debug|Any CPU
		{8670F113-F853-4C71-B66A-5D527C99DA70}.Debug|Any CPU.Build.0 = Debug|Any CPU
		{8670F113-F853-4C71-B66A-5D527C99DA70}.Release|Any CPU.ActiveCfg = Release|Any CPU
		{8670F113-F853-4C71-B66A-5D527C99DA70}.Release|Any CPU.Build.0 = Release|Any CPU
		{5D627A90-A5D9-4F1C-8409-6342520BA395}.Debug|Any CPU.ActiveCfg = Debug|Any CPU
		{5D627A90-A5D9-4F1C-8409-6342520BA395}.Debug|Any CPU.Build.0 = Debug|Any CPU
		{5D627A90-A5D9-4F1C-8409-6342520BA395}.Release|Any CPU.ActiveCfg = Release|Any CPU
		{5D627A90-A5D9-4F1C-8409-6342520BA395}.Release|Any CPU.Build.0 = Release|Any CPU
		{BB446E9F-791D-4983-A075-A756150A8E19}.Debug|Any CPU.ActiveCfg = Debug|Any CPU
		{BB446E9F-791D-4983-A075-A756150A8E19}.Debug|Any CPU.Build.0 = Debug|Any CPU
		{BB446E9F-791D-4983-A075-A756150A8E19}.Release|Any CPU.ActiveCfg = Release|Any CPU
		{BB446E9F-791D-4983-A075-A756150A8E19}.Release|Any CPU.Build.0 = Release|Any CPU
		{E7E380C8-11C8-4221-945C-3F4EFDF7CB5F}.Debug|Any CPU.ActiveCfg = Debug|Any CPU
		{E7E380C8-11C8-4221-945C-3F4EFDF7CB5F}.Debug|Any CPU.Build.0 = Debug|Any CPU
		{E7E380C8-11C8-4221-945C-3F4EFDF7CB5F}.Release|Any CPU.ActiveCfg = Release|Any CPU
		{E7E380C8-11C8-4221-945C-3F4EFDF7CB5F}.Release|Any CPU.Build.0 = Release|Any CPU
		{3F507BB7-240E-4E12-9665-9133D003C918}.Debug|Any CPU.ActiveCfg = Debug|Any CPU
		{3F507BB7-240E-4E12-9665-9133D003C918}.Debug|Any CPU.Build.0 = Debug|Any CPU
		{3F507BB7-240E-4E12-9665-9133D003C918}.Release|Any CPU.ActiveCfg = Release|Any CPU
		{3F507BB7-240E-4E12-9665-9133D003C918}.Release|Any CPU.Build.0 = Release|Any CPU
		{5A155BF5-32E0-42B0-80F5-A93073213B48}.Debug|Any CPU.ActiveCfg = Debug|Any CPU
		{5A155BF5-32E0-42B0-80F5-A93073213B48}.Debug|Any CPU.Build.0 = Debug|Any CPU
		{5A155BF5-32E0-42B0-80F5-A93073213B48}.Release|Any CPU.ActiveCfg = Release|Any CPU
		{5A155BF5-32E0-42B0-80F5-A93073213B48}.Release|Any CPU.Build.0 = Release|Any CPU
		{B5D58A19-8994-4832-8063-0E0B67B3848C}.Debug|Any CPU.ActiveCfg = Debug|Any CPU
		{B5D58A19-8994-4832-8063-0E0B67B3848C}.Debug|Any CPU.Build.0 = Debug|Any CPU
		{B5D58A19-8994-4832-8063-0E0B67B3848C}.Release|Any CPU.ActiveCfg = Release|Any CPU
		{B5D58A19-8994-4832-8063-0E0B67B3848C}.Release|Any CPU.Build.0 = Release|Any CPU
		{854C5225-1D7F-453F-94B3-505C99B1FCF5}.Debug|Any CPU.ActiveCfg = Debug|Any CPU
		{854C5225-1D7F-453F-94B3-505C99B1FCF5}.Debug|Any CPU.Build.0 = Debug|Any CPU
		{854C5225-1D7F-453F-94B3-505C99B1FCF5}.Release|Any CPU.ActiveCfg = Release|Any CPU
		{854C5225-1D7F-453F-94B3-505C99B1FCF5}.Release|Any CPU.Build.0 = Release|Any CPU
		{9E717D7C-6D91-49C1-98CB-77ACA6436425}.Debug|Any CPU.ActiveCfg = Debug|Any CPU
		{9E717D7C-6D91-49C1-98CB-77ACA6436425}.Debug|Any CPU.Build.0 = Debug|Any CPU
		{9E717D7C-6D91-49C1-98CB-77ACA6436425}.Release|Any CPU.ActiveCfg = Release|Any CPU
		{9E717D7C-6D91-49C1-98CB-77ACA6436425}.Release|Any CPU.Build.0 = Release|Any CPU
		{554225A5-3431-4F62-920D-08181FB13EF4}.Debug|Any CPU.ActiveCfg = Debug|Any CPU
		{554225A5-3431-4F62-920D-08181FB13EF4}.Debug|Any CPU.Build.0 = Debug|Any CPU
		{554225A5-3431-4F62-920D-08181FB13EF4}.Release|Any CPU.ActiveCfg = Release|Any CPU
		{554225A5-3431-4F62-920D-08181FB13EF4}.Release|Any CPU.Build.0 = Release|Any CPU
		{28BA5994-A794-42E0-BA7A-358C77C761BB}.Debug|Any CPU.ActiveCfg = Debug|Any CPU
		{28BA5994-A794-42E0-BA7A-358C77C761BB}.Debug|Any CPU.Build.0 = Debug|Any CPU
		{28BA5994-A794-42E0-BA7A-358C77C761BB}.Release|Any CPU.ActiveCfg = Release|Any CPU
		{28BA5994-A794-42E0-BA7A-358C77C761BB}.Release|Any CPU.Build.0 = Release|Any CPU
		{5067A972-F3AA-45D8-91EA-72700F7E2948}.Debug|Any CPU.ActiveCfg = Debug|Any CPU
		{5067A972-F3AA-45D8-91EA-72700F7E2948}.Debug|Any CPU.Build.0 = Debug|Any CPU
		{5067A972-F3AA-45D8-91EA-72700F7E2948}.Release|Any CPU.ActiveCfg = Release|Any CPU
		{5067A972-F3AA-45D8-91EA-72700F7E2948}.Release|Any CPU.Build.0 = Release|Any CPU
		{8067BD2F-3C56-4DEB-8C0C-9FF305894EC1}.Debug|Any CPU.ActiveCfg = Debug|Any CPU
		{8067BD2F-3C56-4DEB-8C0C-9FF305894EC1}.Debug|Any CPU.Build.0 = Debug|Any CPU
		{8067BD2F-3C56-4DEB-8C0C-9FF305894EC1}.Release|Any CPU.ActiveCfg = Release|Any CPU
		{8067BD2F-3C56-4DEB-8C0C-9FF305894EC1}.Release|Any CPU.Build.0 = Release|Any CPU
		{EB754A59-213D-465F-960A-CA414F1AE20C}.Debug|Any CPU.ActiveCfg = Debug|Any CPU
		{EB754A59-213D-465F-960A-CA414F1AE20C}.Debug|Any CPU.Build.0 = Debug|Any CPU
		{EB754A59-213D-465F-960A-CA414F1AE20C}.Release|Any CPU.ActiveCfg = Release|Any CPU
		{EB754A59-213D-465F-960A-CA414F1AE20C}.Release|Any CPU.Build.0 = Release|Any CPU
		{B441611B-6E39-459A-856A-3799F5E15314}.Debug|Any CPU.ActiveCfg = Debug|Any CPU
		{B441611B-6E39-459A-856A-3799F5E15314}.Debug|Any CPU.Build.0 = Debug|Any CPU
		{B441611B-6E39-459A-856A-3799F5E15314}.Release|Any CPU.ActiveCfg = Release|Any CPU
		{B441611B-6E39-459A-856A-3799F5E15314}.Release|Any CPU.Build.0 = Release|Any CPU
		{14461C06-EF6C-4D85-806E-4DAACF2AEF6E}.Debug|Any CPU.ActiveCfg = Debug|Any CPU
		{14461C06-EF6C-4D85-806E-4DAACF2AEF6E}.Debug|Any CPU.Build.0 = Debug|Any CPU
		{14461C06-EF6C-4D85-806E-4DAACF2AEF6E}.Release|Any CPU.ActiveCfg = Release|Any CPU
		{14461C06-EF6C-4D85-806E-4DAACF2AEF6E}.Release|Any CPU.Build.0 = Release|Any CPU
		{9C15AC54-4943-4AF6-A81E-AB71C8FB7B9E}.Debug|Any CPU.ActiveCfg = Debug|Any CPU
		{9C15AC54-4943-4AF6-A81E-AB71C8FB7B9E}.Debug|Any CPU.Build.0 = Debug|Any CPU
		{9C15AC54-4943-4AF6-A81E-AB71C8FB7B9E}.Release|Any CPU.ActiveCfg = Release|Any CPU
		{9C15AC54-4943-4AF6-A81E-AB71C8FB7B9E}.Release|Any CPU.Build.0 = Release|Any CPU
		{58A1F0F8-7085-4096-B45C-12E000037256}.Debug|Any CPU.ActiveCfg = Debug|Any CPU
		{58A1F0F8-7085-4096-B45C-12E000037256}.Debug|Any CPU.Build.0 = Debug|Any CPU
		{58A1F0F8-7085-4096-B45C-12E000037256}.Release|Any CPU.ActiveCfg = Release|Any CPU
		{58A1F0F8-7085-4096-B45C-12E000037256}.Release|Any CPU.Build.0 = Release|Any CPU
		{C8C1AAE0-040F-4BDE-B614-062936877B6A}.Debug|Any CPU.ActiveCfg = Debug|Any CPU
		{C8C1AAE0-040F-4BDE-B614-062936877B6A}.Debug|Any CPU.Build.0 = Debug|Any CPU
		{C8C1AAE0-040F-4BDE-B614-062936877B6A}.Release|Any CPU.ActiveCfg = Release|Any CPU
		{C8C1AAE0-040F-4BDE-B614-062936877B6A}.Release|Any CPU.Build.0 = Release|Any CPU
		{B3C55D86-6EC9-4072-9E02-3CD7D0389DFF}.Debug|Any CPU.ActiveCfg = Debug|Any CPU
		{B3C55D86-6EC9-4072-9E02-3CD7D0389DFF}.Debug|Any CPU.Build.0 = Debug|Any CPU
		{B3C55D86-6EC9-4072-9E02-3CD7D0389DFF}.Release|Any CPU.ActiveCfg = Release|Any CPU
		{B3C55D86-6EC9-4072-9E02-3CD7D0389DFF}.Release|Any CPU.Build.0 = Release|Any CPU
		{CDBEAFC3-D5F7-4DBD-A3E1-C229EEC19DDE}.Debug|Any CPU.ActiveCfg = Debug|Any CPU
		{CDBEAFC3-D5F7-4DBD-A3E1-C229EEC19DDE}.Debug|Any CPU.Build.0 = Debug|Any CPU
		{CDBEAFC3-D5F7-4DBD-A3E1-C229EEC19DDE}.Release|Any CPU.ActiveCfg = Release|Any CPU
		{CDBEAFC3-D5F7-4DBD-A3E1-C229EEC19DDE}.Release|Any CPU.Build.0 = Release|Any CPU
		{D999AA1C-CBB3-4FA6-A8B0-3ED3C531E975}.Debug|Any CPU.ActiveCfg = Debug|Any CPU
		{D999AA1C-CBB3-4FA6-A8B0-3ED3C531E975}.Debug|Any CPU.Build.0 = Debug|Any CPU
		{D999AA1C-CBB3-4FA6-A8B0-3ED3C531E975}.Release|Any CPU.ActiveCfg = Release|Any CPU
		{D999AA1C-CBB3-4FA6-A8B0-3ED3C531E975}.Release|Any CPU.Build.0 = Release|Any CPU
		{4285A8EE-8936-4EE8-A12A-E596FF8D4561}.Debug|Any CPU.ActiveCfg = Debug|Any CPU
		{4285A8EE-8936-4EE8-A12A-E596FF8D4561}.Debug|Any CPU.Build.0 = Debug|Any CPU
		{4285A8EE-8936-4EE8-A12A-E596FF8D4561}.Release|Any CPU.ActiveCfg = Release|Any CPU
		{4285A8EE-8936-4EE8-A12A-E596FF8D4561}.Release|Any CPU.Build.0 = Release|Any CPU
		{F1D3804F-3201-4166-BA83-48891F985534}.Debug|Any CPU.ActiveCfg = Debug|Any CPU
		{F1D3804F-3201-4166-BA83-48891F985534}.Debug|Any CPU.Build.0 = Debug|Any CPU
		{F1D3804F-3201-4166-BA83-48891F985534}.Release|Any CPU.ActiveCfg = Release|Any CPU
		{F1D3804F-3201-4166-BA83-48891F985534}.Release|Any CPU.Build.0 = Release|Any CPU
		{76A28EA3-0EBE-49D0-861B-CB4340DDBC97}.Debug|Any CPU.ActiveCfg = Debug|Any CPU
		{76A28EA3-0EBE-49D0-861B-CB4340DDBC97}.Debug|Any CPU.Build.0 = Debug|Any CPU
		{76A28EA3-0EBE-49D0-861B-CB4340DDBC97}.Release|Any CPU.ActiveCfg = Release|Any CPU
		{76A28EA3-0EBE-49D0-861B-CB4340DDBC97}.Release|Any CPU.Build.0 = Release|Any CPU
		{7B109848-A85C-45DF-BAAA-4E4309C3EBE9}.Debug|Any CPU.ActiveCfg = Debug|Any CPU
		{7B109848-A85C-45DF-BAAA-4E4309C3EBE9}.Debug|Any CPU.Build.0 = Debug|Any CPU
		{7B109848-A85C-45DF-BAAA-4E4309C3EBE9}.Release|Any CPU.ActiveCfg = Release|Any CPU
		{7B109848-A85C-45DF-BAAA-4E4309C3EBE9}.Release|Any CPU.Build.0 = Release|Any CPU
	EndGlobalSection
	GlobalSection(SolutionProperties) = preSolution
		HideSolutionNode = FALSE
	EndGlobalSection
	GlobalSection(NestedProjects) = preSolution
		{A15A2FE0-1115-4E2E-9687-1F7FC1B4DA7E} = {16BD1D0C-A8F0-4D84-B723-B707A416C55F}
		{52E1A589-DDC8-404E-9C15-56E2762B200F} = {16BD1D0C-A8F0-4D84-B723-B707A416C55F}
		{EB09D3A2-74B5-42F3-A83E-567B0F2A8C5E} = {52E1A589-DDC8-404E-9C15-56E2762B200F}
		{0B870B3B-823A-425B-A7F9-F790E5C15739} = {EB09D3A2-74B5-42F3-A83E-567B0F2A8C5E}
		{BABFCD4F-13AF-4034-9358-03C28B914735} = {EB09D3A2-74B5-42F3-A83E-567B0F2A8C5E}
		{93FC8F59-7070-4802-BB8A-BF7675910970} = {BABFCD4F-13AF-4034-9358-03C28B914735}
		{DA2AB3F7-4133-4B0F-B34E-826D172C580E} = {0B870B3B-823A-425B-A7F9-F790E5C15739}
		{1EBE9BF0-9961-423B-ABF0-FAFB90719080} = {A15A2FE0-1115-4E2E-9687-1F7FC1B4DA7E}
		{F2A332F9-332B-49E4-B6C7-4F7F1DA59169} = {A15A2FE0-1115-4E2E-9687-1F7FC1B4DA7E}
		{A9ED8261-9801-4E5B-900E-E8D84F799546} = {EB09D3A2-74B5-42F3-A83E-567B0F2A8C5E}
		{874CDFD7-0204-4A84-B2D4-A67042CAC112} = {A9ED8261-9801-4E5B-900E-E8D84F799546}
		{A00A0444-027D-4D54-8B09-0EE4A179F2ED} = {EB09D3A2-74B5-42F3-A83E-567B0F2A8C5E}
		{3BD9447D-0FC3-4D5B-8F29-6AB2A1B2474A} = {A00A0444-027D-4D54-8B09-0EE4A179F2ED}
		{14C1FC61-9EB7-440F-8F9D-B75DCFBC5F70} = {A15A2FE0-1115-4E2E-9687-1F7FC1B4DA7E}
		{3724CA55-2398-4778-B040-12F577AEA675} = {EB09D3A2-74B5-42F3-A83E-567B0F2A8C5E}
		{8B03D4AC-24EA-4C5F-9071-E25D61F8CE08} = {3724CA55-2398-4778-B040-12F577AEA675}
		{1C73DE7D-B050-4FF4-A4A6-51E477FFDA98} = {EB09D3A2-74B5-42F3-A83E-567B0F2A8C5E}
		{353C9675-8A3B-4ED9-9C9B-182747DF85E1} = {1C73DE7D-B050-4FF4-A4A6-51E477FFDA98}
		{A8A00181-F9FF-4732-A421-2B798E053CF4} = {A15A2FE0-1115-4E2E-9687-1F7FC1B4DA7E}
		{2CE3EBD0-35AF-4A9B-ABCB-E4BECE3F3822} = {52E1A589-DDC8-404E-9C15-56E2762B200F}
		{CD1B12C9-F71D-4EF1-8AD3-A12325E27130} = {2CE3EBD0-35AF-4A9B-ABCB-E4BECE3F3822}
		{58D5B61D-E68C-46C9-84E7-A897D157DB16} = {CD1B12C9-F71D-4EF1-8AD3-A12325E27130}
		{165C7FF5-9F3F-4157-8488-D4D54A7EA664} = {2CE3EBD0-35AF-4A9B-ABCB-E4BECE3F3822}
		{62CC390E-4EFD-4BED-91CF-C9AD4A689E98} = {165C7FF5-9F3F-4157-8488-D4D54A7EA664}
		{A3878574-531B-4FAB-B688-2BEC0F3A603C} = {2CE3EBD0-35AF-4A9B-ABCB-E4BECE3F3822}
		{CBF974A4-19FD-4691-A5AE-2079AD6C4769} = {A3878574-531B-4FAB-B688-2BEC0F3A603C}
		{F6E341AA-E097-44A5-A9BC-2731EA0BC913} = {16BD1D0C-A8F0-4D84-B723-B707A416C55F}
		{A41DD5B0-A8D1-4CC7-9664-73C476AC8376} = {F6E341AA-E097-44A5-A9BC-2731EA0BC913}
		{51D8FE05-731A-417D-A1B1-4F2FCA2B2A70} = {A41DD5B0-A8D1-4CC7-9664-73C476AC8376}
		{AA1BC649-AFB0-4F8D-B7C3-B255FDBDFD3E} = {2CE3EBD0-35AF-4A9B-ABCB-E4BECE3F3822}
		{3855CEC0-CD1F-4E00-A8AD-85180FBBBD6F} = {AA1BC649-AFB0-4F8D-B7C3-B255FDBDFD3E}
		{C3E4AA90-1946-45BC-B0BA-8FD04C6D0513} = {2CE3EBD0-35AF-4A9B-ABCB-E4BECE3F3822}
		{8670F113-F853-4C71-B66A-5D527C99DA70} = {C3E4AA90-1946-45BC-B0BA-8FD04C6D0513}
		{370D4CD3-530F-4466-8C22-A94A9078F650} = {52E1A589-DDC8-404E-9C15-56E2762B200F}
		{847159CF-C7F3-4F53-A9E9-AF06333420AA} = {370D4CD3-530F-4466-8C22-A94A9078F650}
		{5D627A90-A5D9-4F1C-8409-6342520BA395} = {847159CF-C7F3-4F53-A9E9-AF06333420AA}
		{717B1ABE-636F-495D-8F49-27EBB347A996} = {370D4CD3-530F-4466-8C22-A94A9078F650}
		{BB446E9F-791D-4983-A075-A756150A8E19} = {717B1ABE-636F-495D-8F49-27EBB347A996}
		{A7350121-F91D-42C4-8C0D-1162820AB974} = {370D4CD3-530F-4466-8C22-A94A9078F650}
		{E7E380C8-11C8-4221-945C-3F4EFDF7CB5F} = {A7350121-F91D-42C4-8C0D-1162820AB974}
		{CD8FDD65-860A-46DF-8F50-0677D704EB1A} = {370D4CD3-530F-4466-8C22-A94A9078F650}
		{3F507BB7-240E-4E12-9665-9133D003C918} = {CD8FDD65-860A-46DF-8F50-0677D704EB1A}
		{5A155BF5-32E0-42B0-80F5-A93073213B48} = {A41DD5B0-A8D1-4CC7-9664-73C476AC8376}
		{5F9D0119-F73A-4BA0-90C1-D795170E23B4} = {16BD1D0C-A8F0-4D84-B723-B707A416C55F}
		{96F2660B-11A3-4CD9-BE2A-447FC50C0F2C} = {5F9D0119-F73A-4BA0-90C1-D795170E23B4}
		{B5D58A19-8994-4832-8063-0E0B67B3848C} = {96F2660B-11A3-4CD9-BE2A-447FC50C0F2C}
		{B27D4B82-F2FB-4531-80F7-0DE2BD9D9B13} = {370D4CD3-530F-4466-8C22-A94A9078F650}
		{854C5225-1D7F-453F-94B3-505C99B1FCF5} = {B27D4B82-F2FB-4531-80F7-0DE2BD9D9B13}
		{FAD1FF5B-BF22-4AC1-B14E-E5C74292D7FA} = {52E1A589-DDC8-404E-9C15-56E2762B200F}
		{47C197FC-4E9D-4DBC-805B-8FCF5DFC0E62} = {FAD1FF5B-BF22-4AC1-B14E-E5C74292D7FA}
		{9E717D7C-6D91-49C1-98CB-77ACA6436425} = {47C197FC-4E9D-4DBC-805B-8FCF5DFC0E62}
		{176798A9-FEAB-48CD-88A9-226F06C9B954} = {FAD1FF5B-BF22-4AC1-B14E-E5C74292D7FA}
		{554225A5-3431-4F62-920D-08181FB13EF4} = {176798A9-FEAB-48CD-88A9-226F06C9B954}
		{18CA3BCE-6388-475A-979B-F2AC24DA5CB4} = {FAD1FF5B-BF22-4AC1-B14E-E5C74292D7FA}
		{28BA5994-A794-42E0-BA7A-358C77C761BB} = {18CA3BCE-6388-475A-979B-F2AC24DA5CB4}
		{DAE363D0-9773-4A8D-9F4B-DE96165D7E97} = {FAD1FF5B-BF22-4AC1-B14E-E5C74292D7FA}
		{5067A972-F3AA-45D8-91EA-72700F7E2948} = {DAE363D0-9773-4A8D-9F4B-DE96165D7E97}
		{B0C21200-59A0-491E-B951-187E26492AA1} = {FAD1FF5B-BF22-4AC1-B14E-E5C74292D7FA}
		{0A81C799-BDF5-4D70-9EFF-B32A77D27AA4} = {52E1A589-DDC8-404E-9C15-56E2762B200F}
		{42DFFD0E-5675-4141-A9C6-DF46DBAE1D47} = {52E1A589-DDC8-404E-9C15-56E2762B200F}
		{5624D5CC-9396-4CE2-9EFE-7767FE7A57DD} = {42DFFD0E-5675-4141-A9C6-DF46DBAE1D47}
		{8067BD2F-3C56-4DEB-8C0C-9FF305894EC1} = {5624D5CC-9396-4CE2-9EFE-7767FE7A57DD}
		{D15287BF-48BF-4707-AD79-8EEC7AD17795} = {42DFFD0E-5675-4141-A9C6-DF46DBAE1D47}
		{EB754A59-213D-465F-960A-CA414F1AE20C} = {D15287BF-48BF-4707-AD79-8EEC7AD17795}
		{F8B371B2-C253-4B57-960C-8DC63B10098C} = {42DFFD0E-5675-4141-A9C6-DF46DBAE1D47}
		{B441611B-6E39-459A-856A-3799F5E15314} = {F8B371B2-C253-4B57-960C-8DC63B10098C}
		{3968B0C9-D65B-4365-A7F6-AFEFBC1E7BB2} = {42DFFD0E-5675-4141-A9C6-DF46DBAE1D47}
		{14461C06-EF6C-4D85-806E-4DAACF2AEF6E} = {3968B0C9-D65B-4365-A7F6-AFEFBC1E7BB2}
		{C4644696-A673-4C98-AB7C-AE63862787AF} = {0A81C799-BDF5-4D70-9EFF-B32A77D27AA4}
		{9C15AC54-4943-4AF6-A81E-AB71C8FB7B9E} = {C4644696-A673-4C98-AB7C-AE63862787AF}
		{54054EB1-82EE-4E54-AA4B-070829EA186C} = {0A81C799-BDF5-4D70-9EFF-B32A77D27AA4}
		{58A1F0F8-7085-4096-B45C-12E000037256} = {54054EB1-82EE-4E54-AA4B-070829EA186C}
		{7590C091-59E4-42C0-9A36-F981AD082CCC} = {0A81C799-BDF5-4D70-9EFF-B32A77D27AA4}
		{C8C1AAE0-040F-4BDE-B614-062936877B6A} = {7590C091-59E4-42C0-9A36-F981AD082CCC}
		{48911EE5-69FE-4A4C-8F71-7551C5D93DA2} = {0A81C799-BDF5-4D70-9EFF-B32A77D27AA4}
		{B3C55D86-6EC9-4072-9E02-3CD7D0389DFF} = {48911EE5-69FE-4A4C-8F71-7551C5D93DA2}
		{B5B1C7D3-F1DC-43B5-8EC1-F36F351D0667} = {52E1A589-DDC8-404E-9C15-56E2762B200F}
		{B627AC38-7E25-40CE-8DAF-C6FC1BC6D6E9} = {B5B1C7D3-F1DC-43B5-8EC1-F36F351D0667}
		{CDBEAFC3-D5F7-4DBD-A3E1-C229EEC19DDE} = {B627AC38-7E25-40CE-8DAF-C6FC1BC6D6E9}
		{8CCE67F2-0FA8-4F02-A7DB-F78A765F2310} = {B5B1C7D3-F1DC-43B5-8EC1-F36F351D0667}
		{5E2302B5-D52F-4D33-8C25-1D0A3F897939} = {B5B1C7D3-F1DC-43B5-8EC1-F36F351D0667}
		{B35E1E32-244C-476A-975E-B4A3219E74C0} = {B5B1C7D3-F1DC-43B5-8EC1-F36F351D0667}
		{D999AA1C-CBB3-4FA6-A8B0-3ED3C531E975} = {8CCE67F2-0FA8-4F02-A7DB-F78A765F2310}
		{B35B6226-64A8-4E9E-9794-9EEF856AACA4} = {52E1A589-DDC8-404E-9C15-56E2762B200F}
		{182BB2B4-5165-4E93-A112-9804564C1E2B} = {B35B6226-64A8-4E9E-9794-9EEF856AACA4}
		{4285A8EE-8936-4EE8-A12A-E596FF8D4561} = {182BB2B4-5165-4E93-A112-9804564C1E2B}
		{DDFC45B4-8117-4BED-8638-0E188A14AD84} = {B35B6226-64A8-4E9E-9794-9EEF856AACA4}
		{F1D3804F-3201-4166-BA83-48891F985534} = {DDFC45B4-8117-4BED-8638-0E188A14AD84}
		{EF3B492D-62EB-4883-9652-40F1017A0A91} = {B35B6226-64A8-4E9E-9794-9EEF856AACA4}
		{76A28EA3-0EBE-49D0-861B-CB4340DDBC97} = {EF3B492D-62EB-4883-9652-40F1017A0A91}
		{A4F1A7F7-9505-48AE-8D17-2F1C56C6FB71} = {B35B6226-64A8-4E9E-9794-9EEF856AACA4}
		{7B109848-A85C-45DF-BAAA-4E4309C3EBE9} = {A4F1A7F7-9505-48AE-8D17-2F1C56C6FB71}
	EndGlobalSection
	GlobalSection(ExtensibilityGlobals) = postSolution
		SolutionGuid = {BCC8689D-A361-4643-AACA-B00A7F70292E}
	EndGlobalSection
EndGlobal
